# This file was autogenerated by uv via the following command:
#    uv export --dev --format requirements-txt --no-hashes --no-emit-project --output-file tests/requirements-testing.lock
colorama==0.4.6 ; sys_platform == 'win32'
    # via pytest
coverage==7.8.0
    # via pytest-cov
exceptiongroup==1.3.0 ; python_full_version < '3.11'
    # via pytest
iniconfig==2.1.0
    # via pytest
mypy==1.15.0
mypy-extensions==1.1.0
    # via mypy
packaging==25.0
    # via pytest
pluggy==1.5.0
    # via pytest
pytest==8.3.5
    # via pytest-cov
pytest-cov==6.1.1
ruff==0.11.9
setuptools==80.4.0
    # via types-setuptools
tomli==2.2.1 ; python_full_version <= '3.11'
    # via
    #   coverage
    #   mypy
    #   pytest
types-setuptools==80.4.0.20250511
typing-extensions==4.13.2
    # via
    #   exceptiongroup
    #   mypy
